// !$*UTF8*$!
{
	archiveVersion = 1;
	classes = {
	};
	objectVersion = 51;
	objects = {

/* Begin PBXBuildFile section */
		46B3F67AB1F7E6D73CD8AC31 /* Pods_CoreDataa.framework in Frameworks */ = {isa = PBXBuildFile; fileRef = 37D84C1C549369846D601473 /* Pods_CoreDataa.framework */; };
		7E042E2324D373550027B8AE /* AppDelegate.swift in Sources */ = {isa = PBXBuildFile; fileRef = 7E042E2224D373550027B8AE /* AppDelegate.swift */; };
		7E042E2524D373550027B8AE /* SceneDelegate.swift in Sources */ = {isa = PBXBuildFile; fileRef = 7E042E2424D373550027B8AE /* SceneDelegate.swift */; };
		7E042E2724D373550027B8AE /* ViewController.swift in Sources */ = {isa = PBXBuildFile; fileRef = 7E042E2624D373550027B8AE /* ViewController.swift */; };
		7E042E2D24D373550027B8AE /* CoreDataa.xcdatamodeld in Sources */ = {isa = PBXBuildFile; fileRef = 7E042E2B24D373550027B8AE /* CoreDataa.xcdatamodeld */; };
		7E042E2F24D373590027B8AE /* Assets.xcassets in Resources */ = {isa = PBXBuildFile; fileRef = 7E042E2E24D373590027B8AE /* Assets.xcassets */; };
		7E042E3224D373590027B8AE /* LaunchScreen.storyboard in Resources */ = {isa = PBXBuildFile; fileRef = 7E042E3024D373590027B8AE /* LaunchScreen.storyboard */; };
		7E042E3A24D374A90027B8AE /* CollectionsVC.swift in Sources */ = {isa = PBXBuildFile; fileRef = 7E042E3924D374A90027B8AE /* CollectionsVC.swift */; };
		7E042E3C24D374C90027B8AE /* CollectionCell.swift in Sources */ = {isa = PBXBuildFile; fileRef = 7E042E3B24D374C90027B8AE /* CollectionCell.swift */; };
		7E042E3E24D374FC0027B8AE /* FavoritesVC.swift in Sources */ = {isa = PBXBuildFile; fileRef = 7E042E3D24D374FC0027B8AE /* FavoritesVC.swift */; };
		7E042E4024D3750D0027B8AE /* SearchVC.swift in Sources */ = {isa = PBXBuildFile; fileRef = 7E042E3F24D3750D0027B8AE /* SearchVC.swift */; };
		7E042E4224D375160027B8AE /* SearchCell.swift in Sources */ = {isa = PBXBuildFile; fileRef = 7E042E4124D375160027B8AE /* SearchCell.swift */; };
		7E042E4424D375200027B8AE /* SearchResultVC.swift in Sources */ = {isa = PBXBuildFile; fileRef = 7E042E4324D375200027B8AE /* SearchResultVC.swift */; };
		7E042E4724D376420027B8AE /* Api.swift in Sources */ = {isa = PBXBuildFile; fileRef = 7E042E4624D376420027B8AE /* Api.swift */; };
		7E042E4A24D376A80027B8AE /* WordService.swift in Sources */ = {isa = PBXBuildFile; fileRef = 7E042E4924D376A80027B8AE /* WordService.swift */; };
		7E042E4D24D377DE0027B8AE /* Word.swift in Sources */ = {isa = PBXBuildFile; fileRef = 7E042E4C24D377DE0027B8AE /* Word.swift */; };
		7E042E4F24D37BD20027B8AE /* SearchViewModel.swift in Sources */ = {isa = PBXBuildFile; fileRef = 7E042E4E24D37BD20027B8AE /* SearchViewModel.swift */; };
		7E042E5224D38D9A0027B8AE /* CoreDataManager.swift in Sources */ = {isa = PBXBuildFile; fileRef = 7E042E5124D38D9A0027B8AE /* CoreDataManager.swift */; };
		7E982BA724D4AE34003722A4 /* WordDefinition+CoreDataProperties copy.swift in Sources */ = {isa = PBXBuildFile; fileRef = 7E982BA524D4AE33003722A4 /* WordDefinition+CoreDataProperties copy.swift */; };
		7E982BA824D4AE34003722A4 /* WordDefinition+CoreDataClass copy.swift in Sources */ = {isa = PBXBuildFile; fileRef = 7E982BA624D4AE34003722A4 /* WordDefinition+CoreDataClass copy.swift */; };
		7E982BB224D4CC03003722A4 /* History+CoreDataProperties.swift in Sources */ = {isa = PBXBuildFile; fileRef = 7E982BB124D4CC02003722A4 /* History+CoreDataProperties.swift */; };
		7E982BB424D4CC38003722A4 /* History+CoreDataClass copy.swift in Sources */ = {isa = PBXBuildFile; fileRef = 7E982BB324D4CC38003722A4 /* History+CoreDataClass copy.swift */; };
/* End PBXBuildFile section */

/* Begin PBXFileReference section */
		37D84C1C549369846D601473 /* Pods_CoreDataa.framework */ = {isa = PBXFileReference; explicitFileType = wrapper.framework; includeInIndex = 0; path = Pods_CoreDataa.framework; sourceTree = BUILT_PRODUCTS_DIR; };
		38BF151BFA5166B66128702C /* Pods-CoreDataa.release.xcconfig */ = {isa = PBXFileReference; includeInIndex = 1; lastKnownFileType = text.xcconfig; name = "Pods-CoreDataa.release.xcconfig"; path = "Target Support Files/Pods-CoreDataa/Pods-CoreDataa.release.xcconfig"; sourceTree = "<group>"; };
		7E042E1F24D373550027B8AE /* CoreDataa.app */ = {isa = PBXFileReference; explicitFileType = wrapper.application; includeInIndex = 0; path = CoreDataa.app; sourceTree = BUILT_PRODUCTS_DIR; };
		7E042E2224D373550027B8AE /* AppDelegate.swift */ = {isa = PBXFileReference; lastKnownFileType = sourcecode.swift; path = AppDelegate.swift; sourceTree = "<group>"; };
		7E042E2424D373550027B8AE /* SceneDelegate.swift */ = {isa = PBXFileReference; lastKnownFileType = sourcecode.swift; path = SceneDelegate.swift; sourceTree = "<group>"; };
		7E042E2624D373550027B8AE /* ViewController.swift */ = {isa = PBXFileReference; lastKnownFileType = sourcecode.swift; path = ViewController.swift; sourceTree = "<group>"; };
		7E042E2C24D373550027B8AE /* CoreDataa.xcdatamodel */ = {isa = PBXFileReference; lastKnownFileType = wrapper.xcdatamodel; path = CoreDataa.xcdatamodel; sourceTree = "<group>"; };
		7E042E2E24D373590027B8AE /* Assets.xcassets */ = {isa = PBXFileReference; lastKnownFileType = folder.assetcatalog; path = Assets.xcassets; sourceTree = "<group>"; };
		7E042E3124D373590027B8AE /* Base */ = {isa = PBXFileReference; lastKnownFileType = file.storyboard; name = Base; path = Base.lproj/LaunchScreen.storyboard; sourceTree = "<group>"; };
		7E042E3324D373590027B8AE /* Info.plist */ = {isa = PBXFileReference; lastKnownFileType = text.plist.xml; path = Info.plist; sourceTree = "<group>"; };
		7E042E3924D374A90027B8AE /* CollectionsVC.swift */ = {isa = PBXFileReference; lastKnownFileType = sourcecode.swift; path = CollectionsVC.swift; sourceTree = "<group>"; };
		7E042E3B24D374C90027B8AE /* CollectionCell.swift */ = {isa = PBXFileReference; lastKnownFileType = sourcecode.swift; path = CollectionCell.swift; sourceTree = "<group>"; };
		7E042E3D24D374FC0027B8AE /* FavoritesVC.swift */ = {isa = PBXFileReference; lastKnownFileType = sourcecode.swift; path = FavoritesVC.swift; sourceTree = "<group>"; };
		7E042E3F24D3750D0027B8AE /* SearchVC.swift */ = {isa = PBXFileReference; lastKnownFileType = sourcecode.swift; path = SearchVC.swift; sourceTree = "<group>"; };
		7E042E4124D375160027B8AE /* SearchCell.swift */ = {isa = PBXFileReference; lastKnownFileType = sourcecode.swift; path = SearchCell.swift; sourceTree = "<group>"; };
		7E042E4324D375200027B8AE /* SearchResultVC.swift */ = {isa = PBXFileReference; lastKnownFileType = sourcecode.swift; path = SearchResultVC.swift; sourceTree = "<group>"; };
		7E042E4624D376420027B8AE /* Api.swift */ = {isa = PBXFileReference; lastKnownFileType = sourcecode.swift; path = Api.swift; sourceTree = "<group>"; };
		7E042E4924D376A80027B8AE /* WordService.swift */ = {isa = PBXFileReference; lastKnownFileType = sourcecode.swift; path = WordService.swift; sourceTree = "<group>"; };
		7E042E4C24D377DE0027B8AE /* Word.swift */ = {isa = PBXFileReference; lastKnownFileType = sourcecode.swift; path = Word.swift; sourceTree = "<group>"; };
		7E042E4E24D37BD20027B8AE /* SearchViewModel.swift */ = {isa = PBXFileReference; lastKnownFileType = sourcecode.swift; path = SearchViewModel.swift; sourceTree = "<group>"; };
		7E042E5124D38D9A0027B8AE /* CoreDataManager.swift */ = {isa = PBXFileReference; lastKnownFileType = sourcecode.swift; path = CoreDataManager.swift; sourceTree = "<group>"; };
		7E982BA524D4AE33003722A4 /* WordDefinition+CoreDataProperties copy.swift */ = {isa = PBXFileReference; fileEncoding = 4; lastKnownFileType = sourcecode.swift; path = "WordDefinition+CoreDataProperties copy.swift"; sourceTree = "<group>"; };
		7E982BA624D4AE34003722A4 /* WordDefinition+CoreDataClass copy.swift */ = {isa = PBXFileReference; fileEncoding = 4; lastKnownFileType = sourcecode.swift; path = "WordDefinition+CoreDataClass copy.swift"; sourceTree = "<group>"; };
		7E982BB124D4CC02003722A4 /* History+CoreDataProperties.swift */ = {isa = PBXFileReference; lastKnownFileType = sourcecode.swift; name = "History+CoreDataProperties.swift"; path = "../History+CoreDataProperties.swift"; sourceTree = "<group>"; };
		7E982BB324D4CC38003722A4 /* History+CoreDataClass copy.swift */ = {isa = PBXFileReference; lastKnownFileType = sourcecode.swift; path = "History+CoreDataClass copy.swift"; sourceTree = "<group>"; };
		A2F58FF892B8D3B8B233A755 /* Pods-CoreDataa.debug.xcconfig */ = {isa = PBXFileReference; includeInIndex = 1; lastKnownFileType = text.xcconfig; name = "Pods-CoreDataa.debug.xcconfig"; path = "Target Support Files/Pods-CoreDataa/Pods-CoreDataa.debug.xcconfig"; sourceTree = "<group>"; };
/* End PBXFileReference section */

/* Begin PBXFrameworksBuildPhase section */
		7E042E1C24D373550027B8AE /* Frameworks */ = {
			isa = PBXFrameworksBuildPhase;
			buildActionMask = 2147483647;
			files = (
				46B3F67AB1F7E6D73CD8AC31 /* Pods_CoreDataa.framework in Frameworks */,
			);
			runOnlyForDeploymentPostprocessing = 0;
		};
/* End PBXFrameworksBuildPhase section */

/* Begin PBXGroup section */
		131F66EDB63F766380DA0C82 /* Frameworks */ = {
			isa = PBXGroup;
			children = (
				37D84C1C549369846D601473 /* Pods_CoreDataa.framework */,
			);
			name = Frameworks;
			sourceTree = "<group>";
		};
		73DA94688BC1E37C808AB5D1 /* Pods */ = {
			isa = PBXGroup;
			children = (
				A2F58FF892B8D3B8B233A755 /* Pods-CoreDataa.debug.xcconfig */,
				38BF151BFA5166B66128702C /* Pods-CoreDataa.release.xcconfig */,
			);
			path = Pods;
			sourceTree = "<group>";
		};
		7E042E1624D373550027B8AE = {
			isa = PBXGroup;
			children = (
				7E042E2124D373550027B8AE /* CoreDataa */,
				7E042E2024D373550027B8AE /* Products */,
				73DA94688BC1E37C808AB5D1 /* Pods */,
				131F66EDB63F766380DA0C82 /* Frameworks */,
			);
			sourceTree = "<group>";
		};
		7E042E2024D373550027B8AE /* Products */ = {
			isa = PBXGroup;
			children = (
				7E042E1F24D373550027B8AE /* CoreDataa.app */,
			);
			name = Products;
			sourceTree = "<group>";
		};
		7E042E2124D373550027B8AE /* CoreDataa */ = {
			isa = PBXGroup;
			children = (
				7E982BB324D4CC38003722A4 /* History+CoreDataClass copy.swift */,
				7E982BB124D4CC02003722A4 /* History+CoreDataProperties.swift */,
				7E982BA524D4AE33003722A4 /* WordDefinition+CoreDataProperties copy.swift */,
				7E982BA624D4AE34003722A4 /* WordDefinition+CoreDataClass copy.swift */,
				7E042E5024D37C480027B8AE /* View Model */,
				7E042E4B24D377D20027B8AE /* Model */,
				7E042E4824D376850027B8AE /* Besiness Layer */,
				7E042E4524D376330027B8AE /* Core Layer */,
				7E042E2224D373550027B8AE /* AppDelegate.swift */,
				7E042E2424D373550027B8AE /* SceneDelegate.swift */,
				7E042E2624D373550027B8AE /* ViewController.swift */,
				7E042E2E24D373590027B8AE /* Assets.xcassets */,
				7E042E3024D373590027B8AE /* LaunchScreen.storyboard */,
				7E042E3324D373590027B8AE /* Info.plist */,
				7E042E2B24D373550027B8AE /* CoreDataa.xcdatamodeld */,
				7E042E3924D374A90027B8AE /* CollectionsVC.swift */,
				7E042E3B24D374C90027B8AE /* CollectionCell.swift */,
				7E042E3D24D374FC0027B8AE /* FavoritesVC.swift */,
				7E042E3F24D3750D0027B8AE /* SearchVC.swift */,
				7E042E4124D375160027B8AE /* SearchCell.swift */,
				7E042E4324D375200027B8AE /* SearchResultVC.swift */,
			);
			path = CoreDataa;
			sourceTree = "<group>";
		};
		7E042E4524D376330027B8AE /* Core Layer */ = {
			isa = PBXGroup;
			children = (
				7E042E4624D376420027B8AE /* Api.swift */,
			);
			path = "Core Layer";
			sourceTree = "<group>";
		};
		7E042E4824D376850027B8AE /* Besiness Layer */ = {
			isa = PBXGroup;
			children = (
				7E042E4924D376A80027B8AE /* WordService.swift */,
				7E042E5124D38D9A0027B8AE /* CoreDataManager.swift */,
			);
			path = "Besiness Layer";
			sourceTree = "<group>";
		};
		7E042E4B24D377D20027B8AE /* Model */ = {
			isa = PBXGroup;
			children = (
				7E042E4C24D377DE0027B8AE /* Word.swift */,
			);
			path = Model;
			sourceTree = "<group>";
		};
		7E042E5024D37C480027B8AE /* View Model */ = {
			isa = PBXGroup;
			children = (
				7E042E4E24D37BD20027B8AE /* SearchViewModel.swift */,
			);
			path = "View Model";
			sourceTree = "<group>";
		};
/* End PBXGroup section */

/* Begin PBXNativeTarget section */
		7E042E1E24D373550027B8AE /* CoreDataa */ = {
			isa = PBXNativeTarget;
			buildConfigurationList = 7E042E3624D373590027B8AE /* Build configuration list for PBXNativeTarget "CoreDataa" */;
			buildPhases = (
				29B00A16AF20CB4FA2B7349C /* [CP] Check Pods Manifest.lock */,
				7E042E1B24D373550027B8AE /* Sources */,
				7E042E1C24D373550027B8AE /* Frameworks */,
				7E042E1D24D373550027B8AE /* Resources */,
				6E11078D99224900B3638F08 /* [CP] Embed Pods Frameworks */,
			);
			buildRules = (
			);
			dependencies = (
			);
			name = CoreDataa;
			productName = CoreDataa;
			productReference = 7E042E1F24D373550027B8AE /* CoreDataa.app */;
			productType = "com.apple.product-type.application";
		};
/* End PBXNativeTarget section */

/* Begin PBXProject section */
		7E042E1724D373550027B8AE /* Project object */ = {
			isa = PBXProject;
			attributes = {
				LastSwiftUpdateCheck = 1150;
				LastUpgradeCheck = 1150;
				ORGANIZATIONNAME = ShyngysSaktagan;
				TargetAttributes = {
					7E042E1E24D373550027B8AE = {
						CreatedOnToolsVersion = 11.5;
					};
				};
			};
			buildConfigurationList = 7E042E1A24D373550027B8AE /* Build configuration list for PBXProject "CoreDataa" */;
			compatibilityVersion = "Xcode 9.3";
			developmentRegion = en;
			hasScannedForEncodings = 0;
			knownRegions = (
				en,
				Base,
			);
			mainGroup = 7E042E1624D373550027B8AE;
			productRefGroup = 7E042E2024D373550027B8AE /* Products */;
			projectDirPath = "";
			projectRoot = "";
			targets = (
				7E042E1E24D373550027B8AE /* CoreDataa */,
			);
		};
/* End PBXProject section */

/* Begin PBXResourcesBuildPhase section */
		7E042E1D24D373550027B8AE /* Resources */ = {
			isa = PBXResourcesBuildPhase;
			buildActionMask = 2147483647;
			files = (
				7E042E3224D373590027B8AE /* LaunchScreen.storyboard in Resources */,
				7E042E2F24D373590027B8AE /* Assets.xcassets in Resources */,
			);
			runOnlyForDeploymentPostprocessing = 0;
		};
/* End PBXResourcesBuildPhase section */

/* Begin PBXShellScriptBuildPhase section */
		29B00A16AF20CB4FA2B7349C /* [CP] Check Pods Manifest.lock */ = {
			isa = PBXShellScriptBuildPhase;
			buildActionMask = 2147483647;
			files = (
			);
			inputFileListPaths = (
			);
			inputPaths = (
				"${PODS_PODFILE_DIR_PATH}/Podfile.lock",
				"${PODS_ROOT}/Manifest.lock",
			);
			name = "[CP] Check Pods Manifest.lock";
			outputFileListPaths = (
			);
			outputPaths = (
				"$(DERIVED_FILE_DIR)/Pods-CoreDataa-checkManifestLockResult.txt",
			);
			runOnlyForDeploymentPostprocessing = 0;
			shellPath = /bin/sh;
			shellScript = "diff \"${PODS_PODFILE_DIR_PATH}/Podfile.lock\" \"${PODS_ROOT}/Manifest.lock\" > /dev/null\nif [ $? != 0 ] ; then\n    # print error to STDERR\n    echo \"error: The sandbox is not in sync with the Podfile.lock. Run 'pod install' or update your CocoaPods installation.\" >&2\n    exit 1\nfi\n# This output is used by Xcode 'outputs' to avoid re-running this script phase.\necho \"SUCCESS\" > \"${SCRIPT_OUTPUT_FILE_0}\"\n";
			showEnvVarsInLog = 0;
		};
		6E11078D99224900B3638F08 /* [CP] Embed Pods Frameworks */ = {
			isa = PBXShellScriptBuildPhase;
			buildActionMask = 2147483647;
			files = (
			);
			inputFileListPaths = (
				"${PODS_ROOT}/Target Support Files/Pods-CoreDataa/Pods-CoreDataa-frameworks-${CONFIGURATION}-input-files.xcfilelist",
			);
			name = "[CP] Embed Pods Frameworks";
			outputFileListPaths = (
				"${PODS_ROOT}/Target Support Files/Pods-CoreDataa/Pods-CoreDataa-frameworks-${CONFIGURATION}-output-files.xcfilelist",
			);
			runOnlyForDeploymentPostprocessing = 0;
			shellPath = /bin/sh;
			shellScript = "\"${PODS_ROOT}/Target Support Files/Pods-CoreDataa/Pods-CoreDataa-frameworks.sh\"\n";
			showEnvVarsInLog = 0;
		};
/* End PBXShellScriptBuildPhase section */

/* Begin PBXSourcesBuildPhase section */
		7E042E1B24D373550027B8AE /* Sources */ = {
			isa = PBXSourcesBuildPhase;
			buildActionMask = 2147483647;
			files = (
				7E042E4D24D377DE0027B8AE /* Word.swift in Sources */,
				7E042E4024D3750D0027B8AE /* SearchVC.swift in Sources */,
				7E982BA724D4AE34003722A4 /* WordDefinition+CoreDataProperties copy.swift in Sources */,
				7E982BB424D4CC38003722A4 /* History+CoreDataClass copy.swift in Sources */,
				7E042E2724D373550027B8AE /* ViewController.swift in Sources */,
				7E042E5224D38D9A0027B8AE /* CoreDataManager.swift in Sources */,
				7E042E3E24D374FC0027B8AE /* FavoritesVC.swift in Sources */,
				7E042E2324D373550027B8AE /* AppDelegate.swift in Sources */,
				7E042E4224D375160027B8AE /* SearchCell.swift in Sources */,
				7E042E4724D376420027B8AE /* Api.swift in Sources */,
				7E042E2D24D373550027B8AE /* CoreDataa.xcdatamodeld in Sources */,
				7E042E4F24D37BD20027B8AE /* SearchViewModel.swift in Sources */,
				7E042E2524D373550027B8AE /* SceneDelegate.swift in Sources */,
				7E042E4A24D376A80027B8AE /* WordService.swift in Sources */,
				7E982BA824D4AE34003722A4 /* WordDefinition+CoreDataClass copy.swift in Sources */,
				7E982BB224D4CC03003722A4 /* History+CoreDataProperties.swift in Sources */,
				7E042E3A24D374A90027B8AE /* CollectionsVC.swift in Sources */,
				7E042E3C24D374C90027B8AE /* CollectionCell.swift in Sources */,
				7E042E4424D375200027B8AE /* SearchResultVC.swift in Sources */,
			);
			runOnlyForDeploymentPostprocessing = 0;
		};
/* End PBXSourcesBuildPhase section */

/* Begin PBXVariantGroup section */
		7E042E3024D373590027B8AE /* LaunchScreen.storyboard */ = {
			isa = PBXVariantGroup;
			children = (
				7E042E3124D373590027B8AE /* Base */,
			);
			name = LaunchScreen.storyboard;
			sourceTree = "<group>";
		};
/* End PBXVariantGroup section */

/* Begin XCBuildConfiguration section */
		7E042E3424D373590027B8AE /* Debug */ = {
			isa = XCBuildConfiguration;
			buildSettings = {
				ALWAYS_SEARCH_USER_PATHS = NO;
				CLANG_ANALYZER_NONNULL = YES;
				CLANG_ANALYZER_NUMBER_OBJECT_CONVERSION = YES_AGGRESSIVE;
				CLANG_CXX_LANGUAGE_STANDARD = "gnu++14";
				CLANG_CXX_LIBRARY = "libc++";
				CLANG_ENABLE_MODULES = YES;
				CLANG_ENABLE_OBJC_ARC = YES;
				CLANG_ENABLE_OBJC_WEAK = YES;
				CLANG_WARN_BLOCK_CAPTURE_AUTORELEASING = YES;
				CLANG_WARN_BOOL_CONVERSION = YES;
				CLANG_WARN_COMMA = YES;
				CLANG_WARN_CONSTANT_CONVERSION = YES;
				CLANG_WARN_DEPRECATED_OBJC_IMPLEMENTATIONS = YES;
				CLANG_WARN_DIRECT_OBJC_ISA_USAGE = YES_ERROR;
				CLANG_WARN_DOCUMENTATION_COMMENTS = YES;
				CLANG_WARN_EMPTY_BODY = YES;
				CLANG_WARN_ENUM_CONVERSION = YES;
				CLANG_WARN_INFINITE_RECURSION = YES;
				CLANG_WARN_INT_CONVERSION = YES;
				CLANG_WARN_NON_LITERAL_NULL_CONVERSION = YES;
				CLANG_WARN_OBJC_IMPLICIT_RETAIN_SELF = YES;
				CLANG_WARN_OBJC_LITERAL_CONVERSION = YES;
				CLANG_WARN_OBJC_ROOT_CLASS = YES_ERROR;
				CLANG_WARN_RANGE_LOOP_ANALYSIS = YES;
				CLANG_WARN_STRICT_PROTOTYPES = YES;
				CLANG_WARN_SUSPICIOUS_MOVE = YES;
				CLANG_WARN_UNGUARDED_AVAILABILITY = YES_AGGRESSIVE;
				CLANG_WARN_UNREACHABLE_CODE = YES;
				CLANG_WARN__DUPLICATE_METHOD_MATCH = YES;
				COPY_PHASE_STRIP = NO;
				DEBUG_INFORMATION_FORMAT = dwarf;
				ENABLE_STRICT_OBJC_MSGSEND = YES;
				ENABLE_TESTABILITY = YES;
				GCC_C_LANGUAGE_STANDARD = gnu11;
				GCC_DYNAMIC_NO_PIC = NO;
				GCC_NO_COMMON_BLOCKS = YES;
				GCC_OPTIMIZATION_LEVEL = 0;
				GCC_PREPROCESSOR_DEFINITIONS = (
					"DEBUG=1",
					"$(inherited)",
				);
				GCC_WARN_64_TO_32_BIT_CONVERSION = YES;
				GCC_WARN_ABOUT_RETURN_TYPE = YES_ERROR;
				GCC_WARN_UNDECLARED_SELECTOR = YES;
				GCC_WARN_UNINITIALIZED_AUTOS = YES_AGGRESSIVE;
				GCC_WARN_UNUSED_FUNCTION = YES;
				GCC_WARN_UNUSED_VARIABLE = YES;
				IPHONEOS_DEPLOYMENT_TARGET = 13.5;
				MTL_ENABLE_DEBUG_INFO = INCLUDE_SOURCE;
				MTL_FAST_MATH = YES;
				ONLY_ACTIVE_ARCH = YES;
				SDKROOT = iphoneos;
				SWIFT_ACTIVE_COMPILATION_CONDITIONS = DEBUG;
				SWIFT_OPTIMIZATION_LEVEL = "-Onone";
			};
			name = Debug;
		};
		7E042E3524D373590027B8AE /* Release */ = {
			isa = XCBuildConfiguration;
			buildSettings = {
				ALWAYS_SEARCH_USER_PATHS = NO;
				CLANG_ANALYZER_NONNULL = YES;
				CLANG_ANALYZER_NUMBER_OBJECT_CONVERSION = YES_AGGRESSIVE;
				CLANG_CXX_LANGUAGE_STANDARD = "gnu++14";
				CLANG_CXX_LIBRARY = "libc++";
				CLANG_ENABLE_MODULES = YES;
				CLANG_ENABLE_OBJC_ARC = YES;
				CLANG_ENABLE_OBJC_WEAK = YES;
				CLANG_WARN_BLOCK_CAPTURE_AUTORELEASING = YES;
				CLANG_WARN_BOOL_CONVERSION = YES;
				CLANG_WARN_COMMA = YES;
				CLANG_WARN_CONSTANT_CONVERSION = YES;
				CLANG_WARN_DEPRECATED_OBJC_IMPLEMENTATIONS = YES;
				CLANG_WARN_DIRECT_OBJC_ISA_USAGE = YES_ERROR;
				CLANG_WARN_DOCUMENTATION_COMMENTS = YES;
				CLANG_WARN_EMPTY_BODY = YES;
				CLANG_WARN_ENUM_CONVERSION = YES;
				CLANG_WARN_INFINITE_RECURSION = YES;
				CLANG_WARN_INT_CONVERSION = YES;
				CLANG_WARN_NON_LITERAL_NULL_CONVERSION = YES;
				CLANG_WARN_OBJC_IMPLICIT_RETAIN_SELF = YES;
				CLANG_WARN_OBJC_LITERAL_CONVERSION = YES;
				CLANG_WARN_OBJC_ROOT_CLASS = YES_ERROR;
				CLANG_WARN_RANGE_LOOP_ANALYSIS = YES;
				CLANG_WARN_STRICT_PROTOTYPES = YES;
				CLANG_WARN_SUSPICIOUS_MOVE = YES;
				CLANG_WARN_UNGUARDED_AVAILABILITY = YES_AGGRESSIVE;
				CLANG_WARN_UNREACHABLE_CODE = YES;
				CLANG_WARN__DUPLICATE_METHOD_MATCH = YES;
				COPY_PHASE_STRIP = NO;
				DEBUG_INFORMATION_FORMAT = "dwarf-with-dsym";
				ENABLE_NS_ASSERTIONS = NO;
				ENABLE_STRICT_OBJC_MSGSEND = YES;
				GCC_C_LANGUAGE_STANDARD = gnu11;
				GCC_NO_COMMON_BLOCKS = YES;
				GCC_WARN_64_TO_32_BIT_CONVERSION = YES;
				GCC_WARN_ABOUT_RETURN_TYPE = YES_ERROR;
				GCC_WARN_UNDECLARED_SELECTOR = YES;
				GCC_WARN_UNINITIALIZED_AUTOS = YES_AGGRESSIVE;
				GCC_WARN_UNUSED_FUNCTION = YES;
				GCC_WARN_UNUSED_VARIABLE = YES;
				IPHONEOS_DEPLOYMENT_TARGET = 13.5;
				MTL_ENABLE_DEBUG_INFO = NO;
				MTL_FAST_MATH = YES;
				SDKROOT = iphoneos;
				SWIFT_COMPILATION_MODE = wholemodule;
				SWIFT_OPTIMIZATION_LEVEL = "-O";
				VALIDATE_PRODUCT = YES;
			};
			name = Release;
		};
		7E042E3724D373590027B8AE /* Debug */ = {
			isa = XCBuildConfiguration;
			baseConfigurationReference = A2F58FF892B8D3B8B233A755 /* Pods-CoreDataa.debug.xcconfig */;
			buildSettings = {
				ASSETCATALOG_COMPILER_APPICON_NAME = AppIcon;
				CODE_SIGN_STYLE = Automatic;
				DEVELOPMENT_TEAM = LPQ5ZKBML5;
				INFOPLIST_FILE = CoreDataa/Info.plist;
				LD_RUNPATH_SEARCH_PATHS = (
					"$(inherited)",
					"@executable_path/Frameworks",
				);
				PRODUCT_BUNDLE_IDENTIFIER = ShyngysSaktagan.CoreDataa;
				PRODUCT_NAME = "$(TARGET_NAME)";
				SWIFT_VERSION = 5.0;
				TARGETED_DEVICE_FAMILY = 1;
			};
			name = Debug;
		};
		7E042E3824D373590027B8AE /* Release */ = {
			isa = XCBuildConfiguration;
			baseConfigurationReference = 38BF151BFA5166B66128702C /* Pods-CoreDataa.release.xcconfig */;
			buildSettings = {
				ASSETCATALOG_COMPILER_APPICON_NAME = AppIcon;
				CODE_SIGN_STYLE = Automatic;
				DEVELOPMENT_TEAM = LPQ5ZKBML5;
				INFOPLIST_FILE = CoreDataa/Info.plist;
				LD_RUNPATH_SEARCH_PATHS = (
					"$(inherited)",
					"@executable_path/Frameworks",
				);
				PRODUCT_BUNDLE_IDENTIFIER = ShyngysSaktagan.CoreDataa;
				PRODUCT_NAME = "$(TARGET_NAME)";
				SWIFT_VERSION = 5.0;
				TARGETED_DEVICE_FAMILY = 1;
			};
			name = Release;
		};
/* End XCBuildConfiguration section */

/* Begin XCConfigurationList section */
		7E042E1A24D373550027B8AE /* Build configuration list for PBXProject "CoreDataa" */ = {
			isa = XCConfigurationList;
			buildConfigurations = (
				7E042E3424D373590027B8AE /* Debug */,
				7E042E3524D373590027B8AE /* Release */,
			);
			defaultConfigurationIsVisible = 0;
			defaultConfigurationName = Release;
		};
		7E042E3624D373590027B8AE /* Build configuration list for PBXNativeTarget "CoreDataa" */ = {
			isa = XCConfigurationList;
			buildConfigurations = (
				7E042E3724D373590027B8AE /* Debug */,
				7E042E3824D373590027B8AE /* Release */,
			);
			defaultConfigurationIsVisible = 0;
			defaultConfigurationName = Release;
		};
/* End XCConfigurationList section */

/* Begin XCVersionGroup section */
		7E042E2B24D373550027B8AE /* CoreDataa.xcdatamodeld */ = {
			isa = XCVersionGroup;
			children = (
				7E042E2C24D373550027B8AE /* CoreDataa.xcdatamodel */,
			);
			currentVersion = 7E042E2C24D373550027B8AE /* CoreDataa.xcdatamodel */;
			path = CoreDataa.xcdatamodeld;
			sourceTree = "<group>";
			versionGroupType = wrapper.xcdatamodel;
		};
/* End XCVersionGroup section */
	};
	rootObject = 7E042E1724D373550027B8AE /* Project object */;
}
